
Microsoft Visual Studio Solution File, Format Version 12.00
# Visual Studio 15
VisualStudioVersion = 15.0.28010.2046
MinimumVisualStudioVersion = 10.0.40219.1
Project("{FAE04EC0-301F-11D3-BF4B-00C04F79EFBC}") = "Pomodoro", "Pomodoro\Pomodoro.csproj", "{107176DF-73D9-426E-9128-C831DE0EC3AD}"
EndProject
Global
	GlobalSection(SolutionConfigurationPlatforms) = preSolution
		Debug|Any CPU = Debug|Any CPU
		Release|Any CPU = Release|Any CPU
	EndGlobalSection
	GlobalSection(ProjectConfigurationPlatforms) = postSolution
		{107176DF-73D9-426E-9128-C831DE0EC3AD}.Debug|Any CPU.ActiveCfg = Debug|Any CPU
		{107176DF-73D9-426E-9128-C831DE0EC3AD}.Debug|Any CPU.Build.0 = Debug|Any CPU
		{107176DF-73D9-426E-9128-C831DE0EC3AD}.Release|Any CPU.ActiveCfg = Release|Any CPU
		{107176DF-73D9-426E-9128-C831DE0EC3AD}.Release|Any CPU.Build.0 = Release|Any CPU
	EndGlobalSection
	GlobalSection(SolutionProperties) = preSolution
		HideSolutionNode = FALSE
	EndGlobalSection
	GlobalSection(ExtensibilityGlobals) = postSolution
		SolutionGuid = {0F46313D-3425-4ABE-9025-FD27E260C79A}
	EndGlobalSection
EndGlobal
